// !$*UTF8*$!
{
	archiveVersion = 1;
	classes = {
	};
	objectVersion = 50;
	objects = {

/* Begin PBXBuildFile section */
		331461FB20E0804C00DC7A81 /* AppDelegate.m in Sources */ = {isa = PBXBuildFile; fileRef = 331461FA20E0804C00DC7A81 /* AppDelegate.m */; };
		331461FE20E0804C00DC7A81 /* ViewController.m in Sources */ = {isa = PBXBuildFile; fileRef = 331461FD20E0804C00DC7A81 /* ViewController.m */; };
		3314620120E0804C00DC7A81 /* Main.storyboard in Resources */ = {isa = PBXBuildFile; fileRef = 331461FF20E0804C00DC7A81 /* Main.storyboard */; };
		3314620320E0804D00DC7A81 /* Assets.xcassets in Resources */ = {isa = PBXBuildFile; fileRef = 3314620220E0804D00DC7A81 /* Assets.xcassets */; };
		3314620620E0804D00DC7A81 /* LaunchScreen.storyboard in Resources */ = {isa = PBXBuildFile; fileRef = 3314620420E0804D00DC7A81 /* LaunchScreen.storyboard */; };
		3314620920E0804D00DC7A81 /* main.m in Sources */ = {isa = PBXBuildFile; fileRef = 3314620820E0804D00DC7A81 /* main.m */; };
		3314621320E0804D00DC7A81 /* MVVM_testTests.m in Sources */ = {isa = PBXBuildFile; fileRef = 3314621220E0804D00DC7A81 /* MVVM_testTests.m */; };
		3314621E20E0804D00DC7A81 /* MVVM_testUITests.m in Sources */ = {isa = PBXBuildFile; fileRef = 3314621D20E0804D00DC7A81 /* MVVM_testUITests.m */; };
/* End PBXBuildFile section */

/* Begin PBXContainerItemProxy section */
		3314620F20E0804D00DC7A81 /* PBXContainerItemProxy */ = {
			isa = PBXContainerItemProxy;
			containerPortal = 331461EE20E0804C00DC7A81 /* Project object */;
			proxyType = 1;
			remoteGlobalIDString = 331461F520E0804C00DC7A81;
			remoteInfo = "MVVM-test";
		};
		3314621A20E0804D00DC7A81 /* PBXContainerItemProxy */ = {
			isa = PBXContainerItemProxy;
			containerPortal = 331461EE20E0804C00DC7A81 /* Project object */;
			proxyType = 1;
			remoteGlobalIDString = 331461F520E0804C00DC7A81;
			remoteInfo = "MVVM-test";
		};
/* End PBXContainerItemProxy section */

/* Begin PBXFileReference section */
		331461F620E0804C00DC7A81 /* MVVM-test.app */ = {isa = PBXFileReference; explicitFileType = wrapper.application; includeInIndex = 0; path = "MVVM-test.app"; sourceTree = BUILT_PRODUCTS_DIR; };
		331461F920E0804C00DC7A81 /* AppDelegate.h */ = {isa = PBXFileReference; lastKnownFileType = sourcecode.c.h; path = AppDelegate.h; sourceTree = "<group>"; };
		331461FA20E0804C00DC7A81 /* AppDelegate.m */ = {isa = PBXFileReference; lastKnownFileType = sourcecode.c.objc; path = AppDelegate.m; sourceTree = "<group>"; };
		331461FC20E0804C00DC7A81 /* ViewController.h */ = {isa = PBXFileReference; lastKnownFileType = sourcecode.c.h; path = ViewController.h; sourceTree = "<group>"; };
		331461FD20E0804C00DC7A81 /* ViewController.m */ = {isa = PBXFileReference; lastKnownFileType = sourcecode.c.objc; path = ViewController.m; sourceTree = "<group>"; };
		3314620020E0804C00DC7A81 /* Base */ = {isa = PBXFileReference; lastKnownFileType = file.storyboard; name = Base; path = Base.lproj/Main.storyboard; sourceTree = "<group>"; };
		3314620220E0804D00DC7A81 /* Assets.xcassets */ = {isa = PBXFileReference; lastKnownFileType = folder.assetcatalog; path = Assets.xcassets; sourceTree = "<group>"; };
		3314620520E0804D00DC7A81 /* Base */ = {isa = PBXFileReference; lastKnownFileType = file.storyboard; name = Base; path = Base.lproj/LaunchScreen.storyboard; sourceTree = "<group>"; };
		3314620720E0804D00DC7A81 /* Info.plist */ = {isa = PBXFileReference; lastKnownFileType = text.plist.xml; path = Info.plist; sourceTree = "<group>"; };
		3314620820E0804D00DC7A81 /* main.m */ = {isa = PBXFileReference; lastKnownFileType = sourcecode.c.objc; path = main.m; sourceTree = "<group>"; };
		3314620E20E0804D00DC7A81 /* MVVM-testTests.xctest */ = {isa = PBXFileReference; explicitFileType = wrapper.cfbundle; includeInIndex = 0; path = "MVVM-testTests.xctest"; sourceTree = BUILT_PRODUCTS_DIR; };
		3314621220E0804D00DC7A81 /* MVVM_testTests.m */ = {isa = PBXFileReference; lastKnownFileType = sourcecode.c.objc; path = MVVM_testTests.m; sourceTree = "<group>"; };
		3314621420E0804D00DC7A81 /* Info.plist */ = {isa = PBXFileReference; lastKnownFileType = text.plist.xml; path = Info.plist; sourceTree = "<group>"; };
		3314621920E0804D00DC7A81 /* MVVM-testUITests.xctest */ = {isa = PBXFileReference; explicitFileType = wrapper.cfbundle; includeInIndex = 0; path = "MVVM-testUITests.xctest"; sourceTree = BUILT_PRODUCTS_DIR; };
		3314621D20E0804D00DC7A81 /* MVVM_testUITests.m */ = {isa = PBXFileReference; lastKnownFileType = sourcecode.c.objc; path = MVVM_testUITests.m; sourceTree = "<group>"; };
		3314621F20E0804D00DC7A81 /* Info.plist */ = {isa = PBXFileReference; lastKnownFileType = text.plist.xml; path = Info.plist; sourceTree = "<group>"; };
/* End PBXFileReference section */

/* Begin PBXFrameworksBuildPhase section */
		331461F320E0804C00DC7A81 /* Frameworks */ = {
			isa = PBXFrameworksBuildPhase;
			buildActionMask = 2147483647;
			files = (
			);
			runOnlyForDeploymentPostprocessing = 0;
		};
		3314620B20E0804D00DC7A81 /* Frameworks */ = {
			isa = PBXFrameworksBuildPhase;
			buildActionMask = 2147483647;
			files = (
			);
			runOnlyForDeploymentPostprocessing = 0;
		};
		3314621620E0804D00DC7A81 /* Frameworks */ = {
			isa = PBXFrameworksBuildPhase;
			buildActionMask = 2147483647;
			files = (
			);
			runOnlyForDeploymentPostprocessing = 0;
		};
/* End PBXFrameworksBuildPhase section */

/* Begin PBXGroup section */
		331461ED20E0804C00DC7A81 = {
			isa = PBXGroup;
			children = (
				331461F820E0804C00DC7A81 /* MVVM-test */,
				3314621120E0804D00DC7A81 /* MVVM-testTests */,
				3314621C20E0804D00DC7A81 /* MVVM-testUITests */,
				331461F720E0804C00DC7A81 /* Products */,
			);
			sourceTree = "<group>";
		};
		331461F720E0804C00DC7A81 /* Products */ = {
			isa = PBXGroup;
			children = (
				331461F620E0804C00DC7A81 /* MVVM-test.app */,
				3314620E20E0804D00DC7A81 /* MVVM-testTests.xctest */,
				3314621920E0804D00DC7A81 /* MVVM-testUITests.xctest */,
			);
			name = Products;
			sourceTree = "<group>";
		};
		331461F820E0804C00DC7A81 /* MVVM-test */ = {
			isa = PBXGroup;
			children = (
				331461F920E0804C00DC7A81 /* AppDelegate.h */,
				331461FA20E0804C00DC7A81 /* AppDelegate.m */,
				331461FC20E0804C00DC7A81 /* ViewController.h */,
				331461FD20E0804C00DC7A81 /* ViewController.m */,
				331461FF20E0804C00DC7A81 /* Main.storyboard */,
				3314620220E0804D00DC7A81 /* Assets.xcassets */,
				3314620420E0804D00DC7A81 /* LaunchScreen.storyboard */,
				3314620720E0804D00DC7A81 /* Info.plist */,
				3314620820E0804D00DC7A81 /* main.m */,
			);
			path = "MVVM-test";
			sourceTree = "<group>";
		};
		3314621120E0804D00DC7A81 /* MVVM-testTests */ = {
			isa = PBXGroup;
			children = (
				3314621220E0804D00DC7A81 /* MVVM_testTests.m */,
				3314621420E0804D00DC7A81 /* Info.plist */,
			);
			path = "MVVM-testTests";
			sourceTree = "<group>";
		};
		3314621C20E0804D00DC7A81 /* MVVM-testUITests */ = {
			isa = PBXGroup;
			children = (
				3314621D20E0804D00DC7A81 /* MVVM_testUITests.m */,
				3314621F20E0804D00DC7A81 /* Info.plist */,
			);
			path = "MVVM-testUITests";
			sourceTree = "<group>";
		};
/* End PBXGroup section */

/* Begin PBXNativeTarget section */
		331461F520E0804C00DC7A81 /* MVVM-test */ = {
			isa = PBXNativeTarget;
			buildConfigurationList = 3314622220E0804D00DC7A81 /* Build configuration list for PBXNativeTarget "MVVM-test" */;
			buildPhases = (
				331461F220E0804C00DC7A81 /* Sources */,
				331461F320E0804C00DC7A81 /* Frameworks */,
				331461F420E0804C00DC7A81 /* Resources */,
			);
			buildRules = (
			);
			dependencies = (
			);
			name = "MVVM-test";
			productName = "MVVM-test";
			productReference = 331461F620E0804C00DC7A81 /* MVVM-test.app */;
			productType = "com.apple.product-type.application";
		};
		3314620D20E0804D00DC7A81 /* MVVM-testTests */ = {
			isa = PBXNativeTarget;
			buildConfigurationList = 3314622520E0804D00DC7A81 /* Build configuration list for PBXNativeTarget "MVVM-testTests" */;
			buildPhases = (
				3314620A20E0804D00DC7A81 /* Sources */,
				3314620B20E0804D00DC7A81 /* Frameworks */,
				3314620C20E0804D00DC7A81 /* Resources */,
			);
			buildRules = (
			);
			dependencies = (
				3314621020E0804D00DC7A81 /* PBXTargetDependency */,
			);
			name = "MVVM-testTests";
			productName = "MVVM-testTests";
			productReference = 3314620E20E0804D00DC7A81 /* MVVM-testTests.xctest */;
			productType = "com.apple.product-type.bundle.unit-test";
		};
		3314621820E0804D00DC7A81 /* MVVM-testUITests */ = {
			isa = PBXNativeTarget;
			buildConfigurationList = 3314622820E0804D00DC7A81 /* Build configuration list for PBXNativeTarget "MVVM-testUITests" */;
			buildPhases = (
				3314621520E0804D00DC7A81 /* Sources */,
				3314621620E0804D00DC7A81 /* Frameworks */,
				3314621720E0804D00DC7A81 /* Resources */,
			);
			buildRules = (
			);
			dependencies = (
				3314621B20E0804D00DC7A81 /* PBXTargetDependency */,
			);
			name = "MVVM-testUITests";
			productName = "MVVM-testUITests";
			productReference = 3314621920E0804D00DC7A81 /* MVVM-testUITests.xctest */;
			productType = "com.apple.product-type.bundle.ui-testing";
		};
/* End PBXNativeTarget section */

/* Begin PBXProject section */
		331461EE20E0804C00DC7A81 /* Project object */ = {
			isa = PBXProject;
			attributes = {
				LastUpgradeCheck = 0930;
				ORGANIZATIONNAME = biostime;
				TargetAttributes = {
					331461F520E0804C00DC7A81 = {
						CreatedOnToolsVersion = 9.3;
					};
					3314620D20E0804D00DC7A81 = {
						CreatedOnToolsVersion = 9.3;
						TestTargetID = 331461F520E0804C00DC7A81;
					};
					3314621820E0804D00DC7A81 = {
						CreatedOnToolsVersion = 9.3;
						TestTargetID = 331461F520E0804C00DC7A81;
					};
				};
			};
			buildConfigurationList = 331461F120E0804C00DC7A81 /* Build configuration list for PBXProject "MVVM-test" */;
			compatibilityVersion = "Xcode 9.3";
			developmentRegion = en;
			hasScannedForEncodings = 0;
			knownRegions = (
				en,
				Base,
			);
			mainGroup = 331461ED20E0804C00DC7A81;
			productRefGroup = 331461F720E0804C00DC7A81 /* Products */;
			projectDirPath = "";
			projectRoot = "";
			targets = (
				331461F520E0804C00DC7A81 /* MVVM-test */,
				3314620D20E0804D00DC7A81 /* MVVM-testTests */,
				3314621820E0804D00DC7A81 /* MVVM-testUITests */,
			);
		};
/* End PBXProject section */

/* Begin PBXResourcesBuildPhase section */
		331461F420E0804C00DC7A81 /* Resources */ = {
			isa = PBXResourcesBuildPhase;
			buildActionMask = 2147483647;
			files = (
				3314620620E0804D00DC7A81 /* LaunchScreen.storyboard in Resources */,
				3314620320E0804D00DC7A81 /* Assets.xcassets in Resources */,
				3314620120E0804C00DC7A81 /* Main.storyboard in Resources */,
			);
			runOnlyForDeploymentPostprocessing = 0;
		};
		3314620C20E0804D00DC7A81 /* Resources */ = {
			isa = PBXResourcesBuildPhase;
			buildActionMask = 2147483647;
			files = (
			);
			runOnlyForDeploymentPostprocessing = 0;
		};
		3314621720E0804D00DC7A81 /* Resources */ = {
			isa = PBXResourcesBuildPhase;
			buildActionMask = 2147483647;
			files = (
			);
			runOnlyForDeploymentPostprocessing = 0;
		};
/* End PBXResourcesBuildPhase section */

/* Begin PBXSourcesBuildPhase section */
		331461F220E0804C00DC7A81 /* Sources */ = {
			isa = PBXSourcesBuildPhase;
			buildActionMask = 2147483647;
			files = (
				331461FE20E0804C00DC7A81 /* ViewController.m in Sources */,
				3314620920E0804D00DC7A81 /* main.m in Sources */,
				331461FB20E0804C00DC7A81 /* AppDelegate.m in Sources */,
			);
			runOnlyForDeploymentPostprocessing = 0;
		};
		3314620A20E0804D00DC7A81 /* Sources */ = {
			isa = PBXSourcesBuildPhase;
			buildActionMask = 2147483647;
			files = (
				3314621320E0804D00DC7A81 /* MVVM_testTests.m in Sources */,
			);
			runOnlyForDeploymentPostprocessing = 0;
		};
		3314621520E0804D00DC7A81 /* Sources */ = {
			isa = PBXSourcesBuildPhase;
			buildActionMask = 2147483647;
			files = (
				3314621E20E0804D00DC7A81 /* MVVM_testUITests.m in Sources */,
			);
			runOnlyForDeploymentPostprocessing = 0;
		};
/* End PBXSourcesBuildPhase section */

/* Begin PBXTargetDependency section */
		3314621020E0804D00DC7A81 /* PBXTargetDependency */ = {
			isa = PBXTargetDependency;
			target = 331461F520E0804C00DC7A81 /* MVVM-test */;
			targetProxy = 3314620F20E0804D00DC7A81 /* PBXContainerItemProxy */;
		};
		3314621B20E0804D00DC7A81 /* PBXTargetDependency */ = {
			isa = PBXTargetDependency;
			target = 331461F520E0804C00DC7A81 /* MVVM-test */;
			targetProxy = 3314621A20E0804D00DC7A81 /* PBXContainerItemProxy */;
		};
/* End PBXTargetDependency section */

/* Begin PBXVariantGroup section */
		331461FF20E0804C00DC7A81 /* Main.storyboard */ = {
			isa = PBXVariantGroup;
			children = (
				3314620020E0804C00DC7A81 /* Base */,
			);
			name = Main.storyboard;
			sourceTree = "<group>";
		};
		3314620420E0804D00DC7A81 /* LaunchScreen.storyboard */ = {
			isa = PBXVariantGroup;
			children = (
				3314620520E0804D00DC7A81 /* Base */,
			);
			name = LaunchScreen.storyboard;
			sourceTree = "<group>";
		};
/* End PBXVariantGroup section */

/* Begin XCBuildConfiguration section */
		3314622020E0804D00DC7A81 /* Debug */ = {
			isa = XCBuildConfiguration;
			buildSettings = {
				ALWAYS_SEARCH_USER_PATHS = NO;
				CLANG_ANALYZER_NONNULL = YES;
				CLANG_ANALYZER_NUMBER_OBJECT_CONVERSION = YES_AGGRESSIVE;
				CLANG_CXX_LANGUAGE_STANDARD = "gnu++14";
				CLANG_CXX_LIBRARY = "libc++";
				CLANG_ENABLE_MODULES = YES;
				CLANG_ENABLE_OBJC_ARC = YES;
				CLANG_ENABLE_OBJC_WEAK = YES;
				CLANG_WARN_BLOCK_CAPTURE_AUTORELEASING = YES;
				CLANG_WARN_BOOL_CONVERSION = YES;
				CLANG_WARN_COMMA = YES;
				CLANG_WARN_CONSTANT_CONVERSION = YES;
				CLANG_WARN_DEPRECATED_OBJC_IMPLEMENTATIONS = YES;
				CLANG_WARN_DIRECT_OBJC_ISA_USAGE = YES_ERROR;
				CLANG_WARN_DOCUMENTATION_COMMENTS = YES;
				CLANG_WARN_EMPTY_BODY = YES;
				CLANG_WARN_ENUM_CONVERSION = YES;
				CLANG_WARN_INFINITE_RECURSION = YES;
				CLANG_WARN_INT_CONVERSION = YES;
				CLANG_WARN_NON_LITERAL_NULL_CONVERSION = YES;
				CLANG_WARN_OBJC_IMPLICIT_RETAIN_SELF = YES;
				CLANG_WARN_OBJC_LITERAL_CONVERSION = YES;
				CLANG_WARN_OBJC_ROOT_CLASS = YES_ERROR;
				CLANG_WARN_RANGE_LOOP_ANALYSIS = YES;
				CLANG_WARN_STRICT_PROTOTYPES = YES;
				CLANG_WARN_SUSPICIOUS_MOVE = YES;
				CLANG_WARN_UNGUARDED_AVAILABILITY = YES_AGGRESSIVE;
				CLANG_WARN_UNREACHABLE_CODE = YES;
				CLANG_WARN__DUPLICATE_METHOD_MATCH = YES;
				CODE_SIGN_IDENTITY = "iPhone Developer";
				COPY_PHASE_STRIP = NO;
				DEBUG_INFORMATION_FORMAT = dwarf;
				ENABLE_STRICT_OBJC_MSGSEND = YES;
				ENABLE_TESTABILITY = YES;
				GCC_C_LANGUAGE_STANDARD = gnu11;
				GCC_DYNAMIC_NO_PIC = NO;
				GCC_NO_COMMON_BLOCKS = YES;
				GCC_OPTIMIZATION_LEVEL = 0;
				GCC_PREPROCESSOR_DEFINITIONS = (
					"DEBUG=1",
					"$(inherited)",
				);
				GCC_WARN_64_TO_32_BIT_CONVERSION = YES;
				GCC_WARN_ABOUT_RETURN_TYPE = YES_ERROR;
				GCC_WARN_UNDECLARED_SELECTOR = YES;
				GCC_WARN_UNINITIALIZED_AUTOS = YES_AGGRESSIVE;
				GCC_WARN_UNUSED_FUNCTION = YES;
				GCC_WARN_UNUSED_VARIABLE = YES;
				IPHONEOS_DEPLOYMENT_TARGET = 11.3;
				MTL_ENABLE_DEBUG_INFO = YES;
				ONLY_ACTIVE_ARCH = YES;
				SDKROOT = iphoneos;
			};
			name = Debug;
		};
		3314622120E0804D00DC7A81 /* Release */ = {
			isa = XCBuildConfiguration;
			buildSettings = {
				ALWAYS_SEARCH_USER_PATHS = NO;
				CLANG_ANALYZER_NONNULL = YES;
				CLANG_ANALYZER_NUMBER_OBJECT_CONVERSION = YES_AGGRESSIVE;
				CLANG_CXX_LANGUAGE_STANDARD = "gnu++14";
				CLANG_CXX_LIBRARY = "libc++";
				CLANG_ENABLE_MODULES = YES;
				CLANG_ENABLE_OBJC_ARC = YES;
				CLANG_ENABLE_OBJC_WEAK = YES;
				CLANG_WARN_BLOCK_CAPTURE_AUTORELEASING = YES;
				CLANG_WARN_BOOL_CONVERSION = YES;
				CLANG_WARN_COMMA = YES;
				CLANG_WARN_CONSTANT_CONVERSION = YES;
				CLANG_WARN_DEPRECATED_OBJC_IMPLEMENTATIONS = YES;
				CLANG_WARN_DIRECT_OBJC_ISA_USAGE = YES_ERROR;
				CLANG_WARN_DOCUMENTATION_COMMENTS = YES;
				CLANG_WARN_EMPTY_BODY = YES;
				CLANG_WARN_ENUM_CONVERSION = YES;
				CLANG_WARN_INFINITE_RECURSION = YES;
				CLANG_WARN_INT_CONVERSION = YES;
				CLANG_WARN_NON_LITERAL_NULL_CONVERSION = YES;
				CLANG_WARN_OBJC_IMPLICIT_RETAIN_SELF = YES;
				CLANG_WARN_OBJC_LITERAL_CONVERSION = YES;
				CLANG_WARN_OBJC_ROOT_CLASS = YES_ERROR;
				CLANG_WARN_RANGE_LOOP_ANALYSIS = YES;
				CLANG_WARN_STRICT_PROTOTYPES = YES;
				CLANG_WARN_SUSPICIOUS_MOVE = YES;
				CLANG_WARN_UNGUARDED_AVAILABILITY = YES_AGGRESSIVE;
				CLANG_WARN_UNREACHABLE_CODE = YES;
				CLANG_WARN__DUPLICATE_METHOD_MATCH = YES;
				CODE_SIGN_IDENTITY = "iPhone Developer";
				COPY_PHASE_STRIP = NO;
				DEBUG_INFORMATION_FORMAT = "dwarf-with-dsym";
				ENABLE_NS_ASSERTIONS = NO;
				ENABLE_STRICT_OBJC_MSGSEND = YES;
				GCC_C_LANGUAGE_STANDARD = gnu11;
				GCC_NO_COMMON_BLOCKS = YES;
				GCC_WARN_64_TO_32_BIT_CONVERSION = YES;
				GCC_WARN_ABOUT_RETURN_TYPE = YES_ERROR;
				GCC_WARN_UNDECLARED_SELECTOR = YES;
				GCC_WARN_UNINITIALIZED_AUTOS = YES_AGGRESSIVE;
				GCC_WARN_UNUSED_FUNCTION = YES;
				GCC_WARN_UNUSED_VARIABLE = YES;
				IPHONEOS_DEPLOYMENT_TARGET = 11.3;
				MTL_ENABLE_DEBUG_INFO = NO;
				SDKROOT = iphoneos;
				VALIDATE_PRODUCT = YES;
			};
			name = Release;
		};
		3314622320E0804D00DC7A81 /* Debug */ = {
			isa = XCBuildConfiguration;
			buildSettings = {
				ASSETCATALOG_COMPILER_APPICON_NAME = AppIcon;
				CODE_SIGN_STYLE = Automatic;
				INFOPLIST_FILE = "MVVM-test/Info.plist";
				LD_RUNPATH_SEARCH_PATHS = (
					"$(inherited)",
					"@executable_path/Frameworks",
				);
				PRODUCT_BUNDLE_IDENTIFIER = "m.MVVM-test";
				PRODUCT_NAME = "$(TARGET_NAME)";
				TARGETED_DEVICE_FAMILY = "1,2";
			};
			name = Debug;
		};
		3314622420E0804D00DC7A81 /* Release */ = {
			isa = XCBuildConfiguration;
			buildSettings = {
				ASSETCATALOG_COMPILER_APPICON_NAME = AppIcon;
				CODE_SIGN_STYLE = Automatic;
				INFOPLIST_FILE = "MVVM-test/Info.plist";
				LD_RUNPATH_SEARCH_PATHS = (
					"$(inherited)",
					"@executable_path/Frameworks",
				);
				PRODUCT_BUNDLE_IDENTIFIER = "m.MVVM-test";
				PRODUCT_NAME = "$(TARGET_NAME)";
				TARGETED_DEVICE_FAMILY = "1,2";
			};
			name = Release;
		};
		3314622620E0804D00DC7A81 /* Debug */ = {
			isa = XCBuildConfiguration;
			buildSettings = {
				BUNDLE_LOADER = "$(TEST_HOST)";
				CODE_SIGN_STYLE = Automatic;
				INFOPLIST_FILE = "MVVM-testTests/Info.plist";
				LD_RUNPATH_SEARCH_PATHS = (
					"$(inherited)",
					"@executable_path/Frameworks",
					"@loader_path/Frameworks",
				);
				PRODUCT_BUNDLE_IDENTIFIER = "m.MVVM-testTests";
				PRODUCT_NAME = "$(TARGET_NAME)";
				TARGETED_DEVICE_FAMILY = "1,2";
				TEST_HOST = "$(BUILT_PRODUCTS_DIR)/MVVM-test.app/MVVM-test";
			};
			name = Debug;
		};
		3314622720E0804D00DC7A81 /* Release */ = {
			isa = XCBuildConfiguration;
			buildSettings = {
				BUNDLE_LOADER = "$(TEST_HOST)";
				CODE_SIGN_STYLE = Automatic;
				INFOPLIST_FILE = "MVVM-testTests/Info.plist";
				LD_RUNPATH_SEARCH_PATHS = (
					"$(inherited)",
					"@executable_path/Frameworks",
					"@loader_path/Frameworks",
				);
				PRODUCT_BUNDLE_IDENTIFIER = "m.MVVM-testTests";
				PRODUCT_NAME = "$(TARGET_NAME)";
				TARGETED_DEVICE_FAMILY = "1,2";
				TEST_HOST = "$(BUILT_PRODUCTS_DIR)/MVVM-test.app/MVVM-test";
			};
			name = Release;
		};
		3314622920E0804D00DC7A81 /* Debug */ = {
			isa = XCBuildConfiguration;
			buildSettings = {
				CODE_SIGN_STYLE = Automatic;
				INFOPLIST_FILE = "MVVM-testUITests/Info.plist";
				LD_RUNPATH_SEARCH_PATHS = (
					"$(inherited)",
					"@executable_path/Frameworks",
					"@loader_path/Frameworks",
				);
				PRODUCT_BUNDLE_IDENTIFIER = "m.MVVM-testUITests";
				PRODUCT_NAME = "$(TARGET_NAME)";
				TARGETED_DEVICE_FAMILY = "1,2";
				TEST_TARGET_NAME = "MVVM-test";
			};
			name = Debug;
		};
		3314622A20E0804D00DC7A81 /* Release */ = {
			isa = XCBuildConfiguration;
			buildSettings = {
				CODE_SIGN_STYLE = Automatic;
				INFOPLIST_FILE = "MVVM-testUITests/Info.plist";
				LD_RUNPATH_SEARCH_PATHS = (
					"$(inherited)",
					"@executable_path/Frameworks",
					"@loader_path/Frameworks",
				);
				PRODUCT_BUNDLE_IDENTIFIER = "m.MVVM-testUITests";
				PRODUCT_NAME = "$(TARGET_NAME)";
				TARGETED_DEVICE_FAMILY = "1,2";
				TEST_TARGET_NAME = "MVVM-test";
			};
			name = Release;
		};
/* End XCBuildConfiguration section */

/* Begin XCConfigurationList section */
		331461F120E0804C00DC7A81 /* Build configuration list for PBXProject "MVVM-test" */ = {
			isa = XCConfigurationList;
			buildConfigurations = (
				3314622020E0804D00DC7A81 /* Debug */,
				3314622120E0804D00DC7A81 /* Release */,
			);
			defaultConfigurationIsVisible = 0;
			defaultConfigurationName = Release;
		};
		3314622220E0804D00DC7A81 /* Build configuration list for PBXNativeTarget "MVVM-test" */ = {
			isa = XCConfigurationList;
			buildConfigurations = (
				3314622320E0804D00DC7A81 /* Debug */,
				3314622420E0804D00DC7A81 /* Release */,
			);
			defaultConfigurationIsVisible = 0;
			defaultConfigurationName = Release;
		};
		3314622520E0804D00DC7A81 /* Build configuration list for PBXNativeTarget "MVVM-testTests" */ = {
			isa = XCConfigurationList;
			buildConfigurations = (
				3314622620E0804D00DC7A81 /* Debug */,
				3314622720E0804D00DC7A81 /* Release */,
			);
			defaultConfigurationIsVisible = 0;
			defaultConfigurationName = Release;
		};
		3314622820E0804D00DC7A81 /* Build configuration list for PBXNativeTarget "MVVM-testUITests" */ = {
			isa = XCConfigurationList;
			buildConfigurations = (
				3314622920E0804D00DC7A81 /* Debug */,
				3314622A20E0804D00DC7A81 /* Release */,
			);
			defaultConfigurationIsVisible = 0;
			defaultConfigurationName = Release;
		};
/* End XCConfigurationList section */
	};
	rootObject = 331461EE20E0804C00DC7A81 /* Project object */;
}
